
Microsoft Visual Studio Solution File, Format Version 12.00
# Visual Studio Version 16
VisualStudioVersion = 16.0.30309.148
MinimumVisualStudioVersion = 10.0.40219.1
Project("{8BC9CEB8-8B4A-11D0-8D11-00A0C91BC942}") = "test_8_26", "test_8_26.vcxproj", "{50EC2795-572C-43E6-B13A-996D78FBBB24}"
EndProject
Global
	GlobalSection(SolutionConfigurationPlatforms) = preSolution
		Debug|x64 = Debug|x64
		Debug|x86 = Debug|x86
		Release|x64 = Release|x64
		Release|x86 = Release|x86
	EndGlobalSection
	GlobalSection(ProjectConfigurationPlatforms) = postSolution
		{50EC2795-572C-43E6-B13A-996D78FBBB24}.Debug|x64.ActiveCfg = Debug|x64
		{50EC2795-572C-43E6-B13A-996D78FBBB24}.Debug|x64.Build.0 = Debug|x64
		{50EC2795-572C-43E6-B13A-996D78FBBB24}.Debug|x86.ActiveCfg = Debug|Win32
		{50EC2795-572C-43E6-B13A-996D78FBBB24}.Debug|x86.Build.0 = Debug|Win32
		{50EC2795-572C-43E6-B13A-996D78FBBB24}.Release|x64.ActiveCfg = Release|x64
		{50EC2795-572C-43E6-B13A-996D78FBBB24}.Release|x64.Build.0 = Release|x64
		{50EC2795-572C-43E6-B13A-996D78FBBB24}.Release|x86.ActiveCfg = Release|Win32
		{50EC2795-572C-43E6-B13A-996D78FBBB24}.Release|x86.Build.0 = Release|Win32
	EndGlobalSection
	GlobalSection(SolutionProperties) = preSolution
		HideSolutionNode = FALSE
	EndGlobalSection
	GlobalSection(ExtensibilityGlobals) = postSolution
		SolutionGuid = {90CA507A-81D6-4463-AD60-36DB8EE5A273}
	EndGlobalSection
EndGlobal
